
Microsoft Visual Studio Solution File, Format Version 12.00
# Visual Studio Version 17
VisualStudioVersion = 17.3.32929.385
MinimumVisualStudioVersion = 10.0.40219.1
Project("{FAE04EC0-301F-11D3-BF4B-00C04F79EFBC}") = "week3", "week3\week3.csproj", "{CCDCBDD8-22CF-45E4-A09C-76423B41784C}"
EndProject
Global
	GlobalSection(SolutionConfigurationPlatforms) = preSolution
		Debug|Any CPU = Debug|Any CPU
		Release|Any CPU = Release|Any CPU
	EndGlobalSection
	GlobalSection(ProjectConfigurationPlatforms) = postSolution
		{CCDCBDD8-22CF-45E4-A09C-76423B41784C}.Debug|Any CPU.ActiveCfg = Debug|Any CPU
		{CCDCBDD8-22CF-45E4-A09C-76423B41784C}.Debug|Any CPU.Build.0 = Debug|Any CPU
		{CCDCBDD8-22CF-45E4-A09C-76423B41784C}.Release|Any CPU.ActiveCfg = Release|Any CPU
		{CCDCBDD8-22CF-45E4-A09C-76423B41784C}.Release|Any CPU.Build.0 = Release|Any CPU
	EndGlobalSection
	GlobalSection(SolutionProperties) = preSolution
		HideSolutionNode = FALSE
	EndGlobalSection
	GlobalSection(ExtensibilityGlobals) = postSolution
		SolutionGuid = {E8507BF5-FA91-41F6-80F3-590873578ECF}
	EndGlobalSection
EndGlobal
