
Microsoft Visual Studio Solution File, Format Version 12.00
# Visual Studio Version 17
VisualStudioVersion = 17.3.32929.385
MinimumVisualStudioVersion = 10.0.40219.1
Project("{FAE04EC0-301F-11D3-BF4B-00C04F79EFBC}") = "project100900", "project100900\project100900.csproj", "{66BB159C-9FAC-4239-A140-3F28C2EE8095}"
EndProject
Global
	GlobalSection(SolutionConfigurationPlatforms) = preSolution
		Debug|Any CPU = Debug|Any CPU
		Release|Any CPU = Release|Any CPU
	EndGlobalSection
	GlobalSection(ProjectConfigurationPlatforms) = postSolution
		{66BB159C-9FAC-4239-A140-3F28C2EE8095}.Debug|Any CPU.ActiveCfg = Debug|Any CPU
		{66BB159C-9FAC-4239-A140-3F28C2EE8095}.Debug|Any CPU.Build.0 = Debug|Any CPU
		{66BB159C-9FAC-4239-A140-3F28C2EE8095}.Release|Any CPU.ActiveCfg = Release|Any CPU
		{66BB159C-9FAC-4239-A140-3F28C2EE8095}.Release|Any CPU.Build.0 = Release|Any CPU
	EndGlobalSection
	GlobalSection(SolutionProperties) = preSolution
		HideSolutionNode = FALSE
	EndGlobalSection
	GlobalSection(ExtensibilityGlobals) = postSolution
		SolutionGuid = {0E4100C7-EC58-4623-B640-ABE307842A7E}
	EndGlobalSection
EndGlobal
